
Microsoft Visual Studio Solution File, Format Version 12.00
# Visual Studio Version 16
VisualStudioVersion = 16.0.31205.134
MinimumVisualStudioVersion = 10.0.40219.1
Project("{FAE04EC0-301F-11D3-BF4B-00C04F79EFBC}") = "AuthService", "AuthService\AuthService.csproj", "{8423C90C-A4F4-4BB3-99B1-5EAE87CD470E}"
EndProject
Project("{FAE04EC0-301F-11D3-BF4B-00C04F79EFBC}") = "MovieService", "MovieService\MovieService.csproj", "{D5A2ED2B-930F-48EE-BA74-25FC66FD9971}"
EndProject
Project("{FAE04EC0-301F-11D3-BF4B-00C04F79EFBC}") = "ReviewService", "ReviewService\ReviewService.csproj", "{6B15461E-DB7C-4098-8B29-D70EE0101F9C}"
EndProject
Project("{FAE04EC0-301F-11D3-BF4B-00C04F79EFBC}") = "EurekaClient", "EurekaClient\EurekaClient.csproj", "{3413991F-88FF-4CA9-8B75-7C029870BC72}"
EndProject
Project("{E53339B2-1760-4266-BCC7-CA923CBCF16C}") = "docker-compose", "docker-compose.dcproj", "{3AD5972D-81E8-4D20-B09F-F34C2516E270}"
EndProject
Global
	GlobalSection(SolutionConfigurationPlatforms) = preSolution
		Debug|Any CPU = Debug|Any CPU
		Release|Any CPU = Release|Any CPU
	EndGlobalSection
	GlobalSection(ProjectConfigurationPlatforms) = postSolution
		{8423C90C-A4F4-4BB3-99B1-5EAE87CD470E}.Debug|Any CPU.ActiveCfg = Debug|Any CPU
		{8423C90C-A4F4-4BB3-99B1-5EAE87CD470E}.Debug|Any CPU.Build.0 = Debug|Any CPU
		{8423C90C-A4F4-4BB3-99B1-5EAE87CD470E}.Release|Any CPU.ActiveCfg = Release|Any CPU
		{8423C90C-A4F4-4BB3-99B1-5EAE87CD470E}.Release|Any CPU.Build.0 = Release|Any CPU
		{D5A2ED2B-930F-48EE-BA74-25FC66FD9971}.Debug|Any CPU.ActiveCfg = Debug|Any CPU
		{D5A2ED2B-930F-48EE-BA74-25FC66FD9971}.Debug|Any CPU.Build.0 = Debug|Any CPU
		{D5A2ED2B-930F-48EE-BA74-25FC66FD9971}.Release|Any CPU.ActiveCfg = Release|Any CPU
		{D5A2ED2B-930F-48EE-BA74-25FC66FD9971}.Release|Any CPU.Build.0 = Release|Any CPU
		{6B15461E-DB7C-4098-8B29-D70EE0101F9C}.Debug|Any CPU.ActiveCfg = Debug|Any CPU
		{6B15461E-DB7C-4098-8B29-D70EE0101F9C}.Debug|Any CPU.Build.0 = Debug|Any CPU
		{6B15461E-DB7C-4098-8B29-D70EE0101F9C}.Release|Any CPU.ActiveCfg = Release|Any CPU
		{6B15461E-DB7C-4098-8B29-D70EE0101F9C}.Release|Any CPU.Build.0 = Release|Any CPU
		{3413991F-88FF-4CA9-8B75-7C029870BC72}.Debug|Any CPU.ActiveCfg = Debug|Any CPU
		{3413991F-88FF-4CA9-8B75-7C029870BC72}.Debug|Any CPU.Build.0 = Debug|Any CPU
		{3413991F-88FF-4CA9-8B75-7C029870BC72}.Release|Any CPU.ActiveCfg = Release|Any CPU
		{3413991F-88FF-4CA9-8B75-7C029870BC72}.Release|Any CPU.Build.0 = Release|Any CPU
		{3AD5972D-81E8-4D20-B09F-F34C2516E270}.Debug|Any CPU.ActiveCfg = Debug|Any CPU
		{3AD5972D-81E8-4D20-B09F-F34C2516E270}.Debug|Any CPU.Build.0 = Debug|Any CPU
		{3AD5972D-81E8-4D20-B09F-F34C2516E270}.Release|Any CPU.ActiveCfg = Release|Any CPU
		{3AD5972D-81E8-4D20-B09F-F34C2516E270}.Release|Any CPU.Build.0 = Release|Any CPU
	EndGlobalSection
	GlobalSection(SolutionProperties) = preSolution
		HideSolutionNode = FALSE
	EndGlobalSection
	GlobalSection(ExtensibilityGlobals) = postSolution
		SolutionGuid = {94F17611-E8FB-45FD-AFA8-0D5E3218CD76}
	EndGlobalSection
EndGlobal
